
Microsoft Visual Studio Solution File, Format Version 12.00
# Visual Studio Version 16
VisualStudioVersion = 16.0.30114.105
MinimumVisualStudioVersion = 10.0.40219.1
Project("{FAE04EC0-301F-11D3-BF4B-00C04F79EFBC}") = "AsyncFluentGenerator", "src\AsyncFluentGenerator.csproj", "{286D8AF9-FF0C-4E21-8730-EF489A5494AF}"
EndProject
Project("{FAE04EC0-301F-11D3-BF4B-00C04F79EFBC}") = "test", "test\test.csproj", "{0A39420D-AF5C-4C7A-B1CF-AF1BA1111093}"
EndProject
Global
	GlobalSection(SolutionConfigurationPlatforms) = preSolution
		Debug|Any CPU = Debug|Any CPU
		Release|Any CPU = Release|Any CPU
	EndGlobalSection
	GlobalSection(SolutionProperties) = preSolution
		HideSolutionNode = FALSE
	EndGlobalSection
	GlobalSection(ProjectConfigurationPlatforms) = postSolution
		{286D8AF9-FF0C-4E21-8730-EF489A5494AF}.Debug|Any CPU.ActiveCfg = Debug|Any CPU
		{286D8AF9-FF0C-4E21-8730-EF489A5494AF}.Debug|Any CPU.Build.0 = Debug|Any CPU
		{286D8AF9-FF0C-4E21-8730-EF489A5494AF}.Release|Any CPU.ActiveCfg = Release|Any CPU
		{286D8AF9-FF0C-4E21-8730-EF489A5494AF}.Release|Any CPU.Build.0 = Release|Any CPU
		{0A39420D-AF5C-4C7A-B1CF-AF1BA1111093}.Debug|Any CPU.ActiveCfg = Debug|Any CPU
		{0A39420D-AF5C-4C7A-B1CF-AF1BA1111093}.Debug|Any CPU.Build.0 = Debug|Any CPU
		{0A39420D-AF5C-4C7A-B1CF-AF1BA1111093}.Release|Any CPU.ActiveCfg = Release|Any CPU
		{0A39420D-AF5C-4C7A-B1CF-AF1BA1111093}.Release|Any CPU.Build.0 = Release|Any CPU
	EndGlobalSection
EndGlobal
